Microsoft Visual Studio Solution File, Format Version 12.00
# Visual Studio Version 16
VisualStudioVersion = 16.0.29926.136
MinimumVisualStudioVersion = 10.0.40219.1
Project("{9A19103F-16F7-4668-BE54-9A1E7A4F7556}") = "WebApp", "WebApp\WebApp.csproj", "{FDEA6055-7A08-458B-B029-B48A90F9AD0E}"
EndProject
Project("{9A19103F-16F7-4668-BE54-9A1E7A4F7556}") = "Domain.App", "Domain.App\Domain.App.csproj", "{E35FEC31-92F7-4BE7-973B-2D1D867718D6}"
EndProject
Project("{9A19103F-16F7-4668-BE54-9A1E7A4F7556}") = "DAL.App.EF", "DAL.App.EF\DAL.App.EF.csproj", "{739E9414-0D92-4150-9FC5-5A40FA80D580}"
EndProject
Project("{2150E333-8FDC-42A3-9474-1A3956D46DE8}") = "_Solution Items", "_Solution Items", "{628B72C3-6A2C-4E30-8129-26EC564667C2}"
	ProjectSection(SolutionItems) = preProject
		Directory.Build.props = Directory.Build.props
		.gitignore = .gitignore
	EndProjectSection
EndProject
Project("{9A19103F-16F7-4668-BE54-9A1E7A4F7556}") = "DAL.Base", "DAL.Base\DAL.Base.csproj", "{D2843C67-53C4-47A4-935F-C52D8DC94EEA}"
EndProject
Project("{9A19103F-16F7-4668-BE54-9A1E7A4F7556}") = "DAL.Base.EF", "DAL.Base.EF\DAL.Base.EF.csproj", "{499B4EAE-C9F0-4ABB-A682-3391BA4EEA2C}"
EndProject
Project("{9A19103F-16F7-4668-BE54-9A1E7A4F7556}") = "Contracts.DAL.App", "Contracts.DAL.App\Contracts.DAL.App.csproj", "{898054F7-6DEB-4AC3-895E-21513F29DD57}"
EndProject
Project("{9A19103F-16F7-4668-BE54-9A1E7A4F7556}") = "PublicApi.DTO.v1", "PublicApi.DTO.v1\PublicApi.DTO.v1.csproj", "{8B2AD651-1F47-42CE-90EB-59F93599650D}"
EndProject
Project("{FAE04EC0-301F-11D3-BF4B-00C04F79EFBC}") = "Resources", "Resources\Resources.csproj", "{DC326E63-2750-48E4-8AD0-5A5C7D82D494}"
EndProject
Project("{FAE04EC0-301F-11D3-BF4B-00C04F79EFBC}") = "Contracts.BLL.Base", "Contracts.BLL.Base\Contracts.BLL.Base.csproj", "{59DE525B-80F9-45BC-AB2B-3C6D885DED43}"
EndProject
Project("{FAE04EC0-301F-11D3-BF4B-00C04F79EFBC}") = "BLL.Base", "BLL.Base\BLL.Base.csproj", "{4DA8CDAD-E317-444E-81E0-749D3251FD8A}"
EndProject
Project("{2150E333-8FDC-42A3-9474-1A3956D46DE8}") = "DAL", "DAL", "{FD95D6CD-2873-48CF-BB01-3D94CE4EF6AF}"
EndProject
Project("{2150E333-8FDC-42A3-9474-1A3956D46DE8}") = "BLL", "BLL", "{ED516B53-EE7E-4B75-AC6C-F056D88BEDC2}"
EndProject
Project("{FAE04EC0-301F-11D3-BF4B-00C04F79EFBC}") = "BLL.App", "BLL.App\BLL.App.csproj", "{129F5226-849A-40D2-A847-BB81DBBDEB10}"
EndProject
Project("{FAE04EC0-301F-11D3-BF4B-00C04F79EFBC}") = "Contracts.BLL.App", "Contracts.BLL.App\Contracts.BLL.App.csproj", "{9B2707EB-8F6B-4385-ABFE-7E47F4B46495}"
EndProject
Project("{FAE04EC0-301F-11D3-BF4B-00C04F79EFBC}") = "DAL.App.DTO", "DAL.App.DTO\DAL.App.DTO.csproj", "{72FCDA06-F34B-49C9-98FE-E78EA8390A6C}"
EndProject
Project("{FAE04EC0-301F-11D3-BF4B-00C04F79EFBC}") = "BLL.App.DTO", "BLL.App.DTO\BLL.App.DTO.csproj", "{3DB4D4A6-F570-46D5-95FD-CF03DE35CC25}"
EndProject
Project("{2150E333-8FDC-42A3-9474-1A3956D46DE8}") = "Domain", "Domain", "{DA3EB877-60BF-450A-A654-DAB6DAE8F31A}"
EndProject
Project("{FAE04EC0-301F-11D3-BF4B-00C04F79EFBC}") = "Contracts.DAL.Base", "Contracts.DAL.Base\Contracts.DAL.Base.csproj", "{951E664F-3E86-452B-9CB6-15BBC8D0A7C2}"
EndProject
Project("{2150E333-8FDC-42A3-9474-1A3956D46DE8}") = "DTO", "DTO", "{9E6BD3BF-EBA2-4E5E-BB28-DE143B123DFA}"
EndProject
Project("{FAE04EC0-301F-11D3-BF4B-00C04F79EFBC}") = "Domain.Base", "Domain\Domain.Base\Domain.Base.csproj", "{811E3882-04FF-48B0-8341-698A7A4FA2CB}"
EndProject
Project("{FAE04EC0-301F-11D3-BF4B-00C04F79EFBC}") = "Extensions", "Extensions\Extensions.csproj", "{A66C48FF-2B6D-43DF-A566-739F4B60FDA8}"
EndProject
Global
	GlobalSection(SolutionConfigurationPlatforms) = preSolution
		Debug|Any CPU = Debug|Any CPU
		Release|Any CPU = Release|Any CPU
	EndGlobalSection
	GlobalSection(ProjectConfigurationPlatforms) = postSolution
		{FDEA6055-7A08-458B-B029-B48A90F9AD0E}.Debug|Any CPU.ActiveCfg = Debug|Any CPU
		{FDEA6055-7A08-458B-B029-B48A90F9AD0E}.Debug|Any CPU.Build.0 = Debug|Any CPU
		{FDEA6055-7A08-458B-B029-B48A90F9AD0E}.Release|Any CPU.ActiveCfg = Release|Any CPU
		{FDEA6055-7A08-458B-B029-B48A90F9AD0E}.Release|Any CPU.Build.0 = Release|Any CPU
		{E35FEC31-92F7-4BE7-973B-2D1D867718D6}.Debug|Any CPU.ActiveCfg = Debug|Any CPU
		{E35FEC31-92F7-4BE7-973B-2D1D867718D6}.Debug|Any CPU.Build.0 = Debug|Any CPU
		{E35FEC31-92F7-4BE7-973B-2D1D867718D6}.Release|Any CPU.ActiveCfg = Release|Any CPU
		{E35FEC31-92F7-4BE7-973B-2D1D867718D6}.Release|Any CPU.Build.0 = Release|Any CPU
		{739E9414-0D92-4150-9FC5-5A40FA80D580}.Debug|Any CPU.ActiveCfg = Debug|Any CPU
		{739E9414-0D92-4150-9FC5-5A40FA80D580}.Debug|Any CPU.Build.0 = Debug|Any CPU
		{739E9414-0D92-4150-9FC5-5A40FA80D580}.Release|Any CPU.ActiveCfg = Release|Any CPU
		{739E9414-0D92-4150-9FC5-5A40FA80D580}.Release|Any CPU.Build.0 = Release|Any CPU
		{D2843C67-53C4-47A4-935F-C52D8DC94EEA}.Debug|Any CPU.ActiveCfg = Debug|Any CPU
		{D2843C67-53C4-47A4-935F-C52D8DC94EEA}.Debug|Any CPU.Build.0 = Debug|Any CPU
		{D2843C67-53C4-47A4-935F-C52D8DC94EEA}.Release|Any CPU.ActiveCfg = Release|Any CPU
		{D2843C67-53C4-47A4-935F-C52D8DC94EEA}.Release|Any CPU.Build.0 = Release|Any CPU
		{499B4EAE-C9F0-4ABB-A682-3391BA4EEA2C}.Debug|Any CPU.ActiveCfg = Debug|Any CPU
		{499B4EAE-C9F0-4ABB-A682-3391BA4EEA2C}.Debug|Any CPU.Build.0 = Debug|Any CPU
		{499B4EAE-C9F0-4ABB-A682-3391BA4EEA2C}.Release|Any CPU.ActiveCfg = Release|Any CPU
		{499B4EAE-C9F0-4ABB-A682-3391BA4EEA2C}.Release|Any CPU.Build.0 = Release|Any CPU
		{898054F7-6DEB-4AC3-895E-21513F29DD57}.Debug|Any CPU.ActiveCfg = Debug|Any CPU
		{898054F7-6DEB-4AC3-895E-21513F29DD57}.Debug|Any CPU.Build.0 = Debug|Any CPU
		{898054F7-6DEB-4AC3-895E-21513F29DD57}.Release|Any CPU.ActiveCfg = Release|Any CPU
		{898054F7-6DEB-4AC3-895E-21513F29DD57}.Release|Any CPU.Build.0 = Release|Any CPU
		{8B2AD651-1F47-42CE-90EB-59F93599650D}.Debug|Any CPU.ActiveCfg = Debug|Any CPU
		{8B2AD651-1F47-42CE-90EB-59F93599650D}.Debug|Any CPU.Build.0 = Debug|Any CPU
		{8B2AD651-1F47-42CE-90EB-59F93599650D}.Release|Any CPU.ActiveCfg = Release|Any CPU
		{8B2AD651-1F47-42CE-90EB-59F93599650D}.Release|Any CPU.Build.0 = Release|Any CPU
		{DC326E63-2750-48E4-8AD0-5A5C7D82D494}.Debug|Any CPU.ActiveCfg = Debug|Any CPU
		{DC326E63-2750-48E4-8AD0-5A5C7D82D494}.Debug|Any CPU.Build.0 = Debug|Any CPU
		{DC326E63-2750-48E4-8AD0-5A5C7D82D494}.Release|Any CPU.ActiveCfg = Release|Any CPU
		{DC326E63-2750-48E4-8AD0-5A5C7D82D494}.Release|Any CPU.Build.0 = Release|Any CPU
		{59DE525B-80F9-45BC-AB2B-3C6D885DED43}.Debug|Any CPU.ActiveCfg = Debug|Any CPU
		{59DE525B-80F9-45BC-AB2B-3C6D885DED43}.Debug|Any CPU.Build.0 = Debug|Any CPU
		{59DE525B-80F9-45BC-AB2B-3C6D885DED43}.Release|Any CPU.ActiveCfg = Release|Any CPU
		{59DE525B-80F9-45BC-AB2B-3C6D885DED43}.Release|Any CPU.Build.0 = Release|Any CPU
		{4DA8CDAD-E317-444E-81E0-749D3251FD8A}.Debug|Any CPU.ActiveCfg = Debug|Any CPU
		{4DA8CDAD-E317-444E-81E0-749D3251FD8A}.Debug|Any CPU.Build.0 = Debug|Any CPU
		{4DA8CDAD-E317-444E-81E0-749D3251FD8A}.Release|Any CPU.ActiveCfg = Release|Any CPU
		{4DA8CDAD-E317-444E-81E0-749D3251FD8A}.Release|Any CPU.Build.0 = Release|Any CPU
		{129F5226-849A-40D2-A847-BB81DBBDEB10}.Debug|Any CPU.ActiveCfg = Debug|Any CPU
		{129F5226-849A-40D2-A847-BB81DBBDEB10}.Debug|Any CPU.Build.0 = Debug|Any CPU
		{129F5226-849A-40D2-A847-BB81DBBDEB10}.Release|Any CPU.ActiveCfg = Release|Any CPU
		{129F5226-849A-40D2-A847-BB81DBBDEB10}.Release|Any CPU.Build.0 = Release|Any CPU
		{9B2707EB-8F6B-4385-ABFE-7E47F4B46495}.Debug|Any CPU.ActiveCfg = Debug|Any CPU
		{9B2707EB-8F6B-4385-ABFE-7E47F4B46495}.Debug|Any CPU.Build.0 = Debug|Any CPU
		{9B2707EB-8F6B-4385-ABFE-7E47F4B46495}.Release|Any CPU.ActiveCfg = Release|Any CPU
		{9B2707EB-8F6B-4385-ABFE-7E47F4B46495}.Release|Any CPU.Build.0 = Release|Any CPU
		{72FCDA06-F34B-49C9-98FE-E78EA8390A6C}.Debug|Any CPU.ActiveCfg = Debug|Any CPU
		{72FCDA06-F34B-49C9-98FE-E78EA8390A6C}.Debug|Any CPU.Build.0 = Debug|Any CPU
		{72FCDA06-F34B-49C9-98FE-E78EA8390A6C}.Release|Any CPU.ActiveCfg = Release|Any CPU
		{72FCDA06-F34B-49C9-98FE-E78EA8390A6C}.Release|Any CPU.Build.0 = Release|Any CPU
		{3DB4D4A6-F570-46D5-95FD-CF03DE35CC25}.Debug|Any CPU.ActiveCfg = Debug|Any CPU
		{3DB4D4A6-F570-46D5-95FD-CF03DE35CC25}.Debug|Any CPU.Build.0 = Debug|Any CPU
		{3DB4D4A6-F570-46D5-95FD-CF03DE35CC25}.Release|Any CPU.ActiveCfg = Release|Any CPU
		{3DB4D4A6-F570-46D5-95FD-CF03DE35CC25}.Release|Any CPU.Build.0 = Release|Any CPU
		{951E664F-3E86-452B-9CB6-15BBC8D0A7C2}.Debug|Any CPU.ActiveCfg = Debug|Any CPU
		{951E664F-3E86-452B-9CB6-15BBC8D0A7C2}.Debug|Any CPU.Build.0 = Debug|Any CPU
		{951E664F-3E86-452B-9CB6-15BBC8D0A7C2}.Release|Any CPU.ActiveCfg = Release|Any CPU
		{951E664F-3E86-452B-9CB6-15BBC8D0A7C2}.Release|Any CPU.Build.0 = Release|Any CPU
		{811E3882-04FF-48B0-8341-698A7A4FA2CB}.Debug|Any CPU.ActiveCfg = Debug|Any CPU
		{811E3882-04FF-48B0-8341-698A7A4FA2CB}.Debug|Any CPU.Build.0 = Debug|Any CPU
		{811E3882-04FF-48B0-8341-698A7A4FA2CB}.Release|Any CPU.ActiveCfg = Release|Any CPU
		{811E3882-04FF-48B0-8341-698A7A4FA2CB}.Release|Any CPU.Build.0 = Release|Any CPU
		{A66C48FF-2B6D-43DF-A566-739F4B60FDA8}.Debug|Any CPU.ActiveCfg = Debug|Any CPU
		{A66C48FF-2B6D-43DF-A566-739F4B60FDA8}.Debug|Any CPU.Build.0 = Debug|Any CPU
		{A66C48FF-2B6D-43DF-A566-739F4B60FDA8}.Release|Any CPU.ActiveCfg = Release|Any CPU
		{A66C48FF-2B6D-43DF-A566-739F4B60FDA8}.Release|Any CPU.Build.0 = Release|Any CPU
	EndGlobalSection
	GlobalSection(SolutionProperties) = preSolution
		HideSolutionNode = FALSE
	EndGlobalSection
	GlobalSection(ExtensibilityGlobals) = postSolution
		SolutionGuid = {3970500E-F024-470D-8A67-451E9F2EBEE0}
	EndGlobalSection
	GlobalSection(NestedProjects) = preSolution
		{4DA8CDAD-E317-444E-81E0-749D3251FD8A} = {ED516B53-EE7E-4B75-AC6C-F056D88BEDC2}
		{59DE525B-80F9-45BC-AB2B-3C6D885DED43} = {ED516B53-EE7E-4B75-AC6C-F056D88BEDC2}
		{898054F7-6DEB-4AC3-895E-21513F29DD57} = {FD95D6CD-2873-48CF-BB01-3D94CE4EF6AF}
		{739E9414-0D92-4150-9FC5-5A40FA80D580} = {FD95D6CD-2873-48CF-BB01-3D94CE4EF6AF}
		{D2843C67-53C4-47A4-935F-C52D8DC94EEA} = {FD95D6CD-2873-48CF-BB01-3D94CE4EF6AF}
		{499B4EAE-C9F0-4ABB-A682-3391BA4EEA2C} = {FD95D6CD-2873-48CF-BB01-3D94CE4EF6AF}
		{129F5226-849A-40D2-A847-BB81DBBDEB10} = {ED516B53-EE7E-4B75-AC6C-F056D88BEDC2}
		{9B2707EB-8F6B-4385-ABFE-7E47F4B46495} = {ED516B53-EE7E-4B75-AC6C-F056D88BEDC2}
		{72FCDA06-F34B-49C9-98FE-E78EA8390A6C} = {FD95D6CD-2873-48CF-BB01-3D94CE4EF6AF}
		{3DB4D4A6-F570-46D5-95FD-CF03DE35CC25} = {ED516B53-EE7E-4B75-AC6C-F056D88BEDC2}
		{E35FEC31-92F7-4BE7-973B-2D1D867718D6} = {DA3EB877-60BF-450A-A654-DAB6DAE8F31A}
		{951E664F-3E86-452B-9CB6-15BBC8D0A7C2} = {FD95D6CD-2873-48CF-BB01-3D94CE4EF6AF}
		{8B2AD651-1F47-42CE-90EB-59F93599650D} = {9E6BD3BF-EBA2-4E5E-BB28-DE143B123DFA}
		{811E3882-04FF-48B0-8341-698A7A4FA2CB} = {DA3EB877-60BF-450A-A654-DAB6DAE8F31A}
	EndGlobalSection
EndGlobal
